
Microsoft Visual Studio Solution File, Format Version 12.00
# Visual Studio 15
VisualStudioVersion = 15.0.27130.2010
MinimumVisualStudioVersion = 10.0.40219.1
Project("{FAE04EC0-301F-11D3-BF4B-00C04F79EFBC}") = "TemplateXamarinForm.Android", "TemplateXamarinForm\TemplateXamarinForm.Android\TemplateXamarinForm.Android.csproj", "{E9A3E5DF-6DAE-4CF2-85DB-4B897418D32A}"
EndProject
Project("{FAE04EC0-301F-11D3-BF4B-00C04F79EFBC}") = "TemplateXamarinForm.iOS", "TemplateXamarinForm\TemplateXamarinForm.iOS\TemplateXamarinForm.iOS.csproj", "{C2D7C230-3DD2-4DBD-8087-96CD2B3E0931}"
EndProject
Project("{FAE04EC0-301F-11D3-BF4B-00C04F79EFBC}") = "TemplateXamarinForm.UWP", "TemplateXamarinForm\TemplateXamarinForm.UWP\TemplateXamarinForm.UWP.csproj", "{B84AE31C-DDCA-4268-AE9D-18B956BEAD60}"
EndProject
Project("{FAE04EC0-301F-11D3-BF4B-00C04F79EFBC}") = "TemplateXamarinForm", "TemplateXamarinForm\TemplateXamarinForm\TemplateXamarinForm.csproj", "{B61BAC6D-0FDF-4042-BEE2-F804FF175CFF}"
EndProject
Global
	GlobalSection(SolutionConfigurationPlatforms) = preSolution
		Ad-Hoc|Any CPU = Ad-Hoc|Any CPU
		Ad-Hoc|ARM = Ad-Hoc|ARM
		Ad-Hoc|iPhone = Ad-Hoc|iPhone
		Ad-Hoc|iPhoneSimulator = Ad-Hoc|iPhoneSimulator
		Ad-Hoc|x64 = Ad-Hoc|x64
		Ad-Hoc|x86 = Ad-Hoc|x86
		AppStore|Any CPU = AppStore|Any CPU
		AppStore|ARM = AppStore|ARM
		AppStore|iPhone = AppStore|iPhone
		AppStore|iPhoneSimulator = AppStore|iPhoneSimulator
		AppStore|x64 = AppStore|x64
		AppStore|x86 = AppStore|x86
		Debug|Any CPU = Debug|Any CPU
		Debug|ARM = Debug|ARM
		Debug|iPhone = Debug|iPhone
		Debug|iPhoneSimulator = Debug|iPhoneSimulator
		Debug|x64 = Debug|x64
		Debug|x86 = Debug|x86
		Release|Any CPU = Release|Any CPU
		Release|ARM = Release|ARM
		Release|iPhone = Release|iPhone
		Release|iPhoneSimulator = Release|iPhoneSimulator
		Release|x64 = Release|x64
		Release|x86 = Release|x86
	EndGlobalSection
	GlobalSection(ProjectConfigurationPlatforms) = postSolution
		{E9A3E5DF-6DAE-4CF2-85DB-4B897418D32A}.Ad-Hoc|Any CPU.ActiveCfg = Release|Any CPU
		{E9A3E5DF-6DAE-4CF2-85DB-4B897418D32A}.Ad-Hoc|Any CPU.Build.0 = Release|Any CPU
		{E9A3E5DF-6DAE-4CF2-85DB-4B897418D32A}.Ad-Hoc|Any CPU.Deploy.0 = Release|Any CPU
		{E9A3E5DF-6DAE-4CF2-85DB-4B897418D32A}.Ad-Hoc|ARM.ActiveCfg = Release|Any CPU
		{E9A3E5DF-6DAE-4CF2-85DB-4B897418D32A}.Ad-Hoc|ARM.Build.0 = Release|Any CPU
		{E9A3E5DF-6DAE-4CF2-85DB-4B897418D32A}.Ad-Hoc|ARM.Deploy.0 = Release|Any CPU
		{E9A3E5DF-6DAE-4CF2-85DB-4B897418D32A}.Ad-Hoc|iPhone.ActiveCfg = Release|Any CPU
		{E9A3E5DF-6DAE-4CF2-85DB-4B897418D32A}.Ad-Hoc|iPhone.Build.0 = Release|Any CPU
		{E9A3E5DF-6DAE-4CF2-85DB-4B897418D32A}.Ad-Hoc|iPhone.Deploy.0 = Release|Any CPU
		{E9A3E5DF-6DAE-4CF2-85DB-4B897418D32A}.Ad-Hoc|iPhoneSimulator.ActiveCfg = Release|Any CPU
		{E9A3E5DF-6DAE-4CF2-85DB-4B897418D32A}.Ad-Hoc|iPhoneSimulator.Build.0 = Release|Any CPU
		{E9A3E5DF-6DAE-4CF2-85DB-4B897418D32A}.Ad-Hoc|iPhoneSimulator.Deploy.0 = Release|Any CPU
		{E9A3E5DF-6DAE-4CF2-85DB-4B897418D32A}.Ad-Hoc|x64.ActiveCfg = Release|Any CPU
		{E9A3E5DF-6DAE-4CF2-85DB-4B897418D32A}.Ad-Hoc|x64.Build.0 = Release|Any CPU
		{E9A3E5DF-6DAE-4CF2-85DB-4B897418D32A}.Ad-Hoc|x64.Deploy.0 = Release|Any CPU
		{E9A3E5DF-6DAE-4CF2-85DB-4B897418D32A}.Ad-Hoc|x86.ActiveCfg = Release|Any CPU
		{E9A3E5DF-6DAE-4CF2-85DB-4B897418D32A}.Ad-Hoc|x86.Build.0 = Release|Any CPU
		{E9A3E5DF-6DAE-4CF2-85DB-4B897418D32A}.Ad-Hoc|x86.Deploy.0 = Release|Any CPU
		{E9A3E5DF-6DAE-4CF2-85DB-4B897418D32A}.AppStore|Any CPU.ActiveCfg = Release|Any CPU
		{E9A3E5DF-6DAE-4CF2-85DB-4B897418D32A}.AppStore|Any CPU.Build.0 = Release|Any CPU
		{E9A3E5DF-6DAE-4CF2-85DB-4B897418D32A}.AppStore|Any CPU.Deploy.0 = Release|Any CPU
		{E9A3E5DF-6DAE-4CF2-85DB-4B897418D32A}.AppStore|ARM.ActiveCfg = Release|Any CPU
		{E9A3E5DF-6DAE-4CF2-85DB-4B897418D32A}.AppStore|ARM.Build.0 = Release|Any CPU
		{E9A3E5DF-6DAE-4CF2-85DB-4B897418D32A}.AppStore|ARM.Deploy.0 = Release|Any CPU
		{E9A3E5DF-6DAE-4CF2-85DB-4B897418D32A}.AppStore|iPhone.ActiveCfg = Release|Any CPU
		{E9A3E5DF-6DAE-4CF2-85DB-4B897418D32A}.AppStore|iPhone.Build.0 = Release|Any CPU
		{E9A3E5DF-6DAE-4CF2-85DB-4B897418D32A}.AppStore|iPhone.Deploy.0 = Release|Any CPU
		{E9A3E5DF-6DAE-4CF2-85DB-4B897418D32A}.AppStore|iPhoneSimulator.ActiveCfg = Release|Any CPU
		{E9A3E5DF-6DAE-4CF2-85DB-4B897418D32A}.AppStore|iPhoneSimulator.Build.0 = Release|Any CPU
		{E9A3E5DF-6DAE-4CF2-85DB-4B897418D32A}.AppStore|iPhoneSimulator.Deploy.0 = Release|Any CPU
		{E9A3E5DF-6DAE-4CF2-85DB-4B897418D32A}.AppStore|x64.ActiveCfg = Release|Any CPU
		{E9A3E5DF-6DAE-4CF2-85DB-4B897418D32A}.AppStore|x64.Build.0 = Release|Any CPU
		{E9A3E5DF-6DAE-4CF2-85DB-4B897418D32A}.AppStore|x64.Deploy.0 = Release|Any CPU
		{E9A3E5DF-6DAE-4CF2-85DB-4B897418D32A}.AppStore|x86.ActiveCfg = Release|Any CPU
		{E9A3E5DF-6DAE-4CF2-85DB-4B897418D32A}.AppStore|x86.Build.0 = Release|Any CPU
		{E9A3E5DF-6DAE-4CF2-85DB-4B897418D32A}.AppStore|x86.Deploy.0 = Release|Any CPU
		{E9A3E5DF-6DAE-4CF2-85DB-4B897418D32A}.Debug|Any CPU.ActiveCfg = Debug|Any CPU
		{E9A3E5DF-6DAE-4CF2-85DB-4B897418D32A}.Debug|Any CPU.Build.0 = Debug|Any CPU
		{E9A3E5DF-6DAE-4CF2-85DB-4B897418D32A}.Debug|Any CPU.Deploy.0 = Debug|Any CPU
		{E9A3E5DF-6DAE-4CF2-85DB-4B897418D32A}.Debug|ARM.ActiveCfg = Debug|Any CPU
		{E9A3E5DF-6DAE-4CF2-85DB-4B897418D32A}.Debug|ARM.Build.0 = Debug|Any CPU
		{E9A3E5DF-6DAE-4CF2-85DB-4B897418D32A}.Debug|ARM.Deploy.0 = Debug|Any CPU
		{E9A3E5DF-6DAE-4CF2-85DB-4B897418D32A}.Debug|iPhone.ActiveCfg = Debug|Any CPU
		{E9A3E5DF-6DAE-4CF2-85DB-4B897418D32A}.Debug|iPhone.Build.0 = Debug|Any CPU
		{E9A3E5DF-6DAE-4CF2-85DB-4B897418D32A}.Debug|iPhone.Deploy.0 = Debug|Any CPU
		{E9A3E5DF-6DAE-4CF2-85DB-4B897418D32A}.Debug|iPhoneSimulator.ActiveCfg = Debug|Any CPU
		{E9A3E5DF-6DAE-4CF2-85DB-4B897418D32A}.Debug|iPhoneSimulator.Build.0 = Debug|Any CPU
		{E9A3E5DF-6DAE-4CF2-85DB-4B897418D32A}.Debug|iPhoneSimulator.Deploy.0 = Debug|Any CPU
		{E9A3E5DF-6DAE-4CF2-85DB-4B897418D32A}.Debug|x64.ActiveCfg = Debug|Any CPU
		{E9A3E5DF-6DAE-4CF2-85DB-4B897418D32A}.Debug|x64.Build.0 = Debug|Any CPU
		{E9A3E5DF-6DAE-4CF2-85DB-4B897418D32A}.Debug|x64.Deploy.0 = Debug|Any CPU
		{E9A3E5DF-6DAE-4CF2-85DB-4B897418D32A}.Debug|x86.ActiveCfg = Debug|Any CPU
		{E9A3E5DF-6DAE-4CF2-85DB-4B897418D32A}.Debug|x86.Build.0 = Debug|Any CPU
		{E9A3E5DF-6DAE-4CF2-85DB-4B897418D32A}.Debug|x86.Deploy.0 = Debug|Any CPU
		{E9A3E5DF-6DAE-4CF2-85DB-4B897418D32A}.Release|Any CPU.ActiveCfg = Release|Any CPU
		{E9A3E5DF-6DAE-4CF2-85DB-4B897418D32A}.Release|Any CPU.Build.0 = Release|Any CPU
		{E9A3E5DF-6DAE-4CF2-85DB-4B897418D32A}.Release|Any CPU.Deploy.0 = Release|Any CPU
		{E9A3E5DF-6DAE-4CF2-85DB-4B897418D32A}.Release|ARM.ActiveCfg = Release|Any CPU
		{E9A3E5DF-6DAE-4CF2-85DB-4B897418D32A}.Release|ARM.Build.0 = Release|Any CPU
		{E9A3E5DF-6DAE-4CF2-85DB-4B897418D32A}.Release|ARM.Deploy.0 = Release|Any CPU
		{E9A3E5DF-6DAE-4CF2-85DB-4B897418D32A}.Release|iPhone.ActiveCfg = Release|Any CPU
		{E9A3E5DF-6DAE-4CF2-85DB-4B897418D32A}.Release|iPhone.Build.0 = Release|Any CPU
		{E9A3E5DF-6DAE-4CF2-85DB-4B897418D32A}.Release|iPhone.Deploy.0 = Release|Any CPU
		{E9A3E5DF-6DAE-4CF2-85DB-4B897418D32A}.Release|iPhoneSimulator.ActiveCfg = Release|Any CPU
		{E9A3E5DF-6DAE-4CF2-85DB-4B897418D32A}.Release|iPhoneSimulator.Build.0 = Release|Any CPU
		{E9A3E5DF-6DAE-4CF2-85DB-4B897418D32A}.Release|iPhoneSimulator.Deploy.0 = Release|Any CPU
		{E9A3E5DF-6DAE-4CF2-85DB-4B897418D32A}.Release|x64.ActiveCfg = Release|Any CPU
		{E9A3E5DF-6DAE-4CF2-85DB-4B897418D32A}.Release|x64.Build.0 = Release|Any CPU
		{E9A3E5DF-6DAE-4CF2-85DB-4B897418D32A}.Release|x64.Deploy.0 = Release|Any CPU
		{E9A3E5DF-6DAE-4CF2-85DB-4B897418D32A}.Release|x86.ActiveCfg = Release|Any CPU
		{E9A3E5DF-6DAE-4CF2-85DB-4B897418D32A}.Release|x86.Build.0 = Release|Any CPU
		{E9A3E5DF-6DAE-4CF2-85DB-4B897418D32A}.Release|x86.Deploy.0 = Release|Any CPU
		{C2D7C230-3DD2-4DBD-8087-96CD2B3E0931}.Ad-Hoc|Any CPU.ActiveCfg = Ad-Hoc|iPhone
		{C2D7C230-3DD2-4DBD-8087-96CD2B3E0931}.Ad-Hoc|ARM.ActiveCfg = Ad-Hoc|iPhone
		{C2D7C230-3DD2-4DBD-8087-96CD2B3E0931}.Ad-Hoc|iPhone.ActiveCfg = Ad-Hoc|iPhone
		{C2D7C230-3DD2-4DBD-8087-96CD2B3E0931}.Ad-Hoc|iPhone.Build.0 = Ad-Hoc|iPhone
		{C2D7C230-3DD2-4DBD-8087-96CD2B3E0931}.Ad-Hoc|iPhoneSimulator.ActiveCfg = Ad-Hoc|iPhoneSimulator
		{C2D7C230-3DD2-4DBD-8087-96CD2B3E0931}.Ad-Hoc|iPhoneSimulator.Build.0 = Ad-Hoc|iPhoneSimulator
		{C2D7C230-3DD2-4DBD-8087-96CD2B3E0931}.Ad-Hoc|x64.ActiveCfg = Ad-Hoc|iPhone
		{C2D7C230-3DD2-4DBD-8087-96CD2B3E0931}.Ad-Hoc|x86.ActiveCfg = Ad-Hoc|iPhone
		{C2D7C230-3DD2-4DBD-8087-96CD2B3E0931}.AppStore|Any CPU.ActiveCfg = AppStore|iPhone
		{C2D7C230-3DD2-4DBD-8087-96CD2B3E0931}.AppStore|ARM.ActiveCfg = AppStore|iPhone
		{C2D7C230-3DD2-4DBD-8087-96CD2B3E0931}.AppStore|iPhone.ActiveCfg = AppStore|iPhone
		{C2D7C230-3DD2-4DBD-8087-96CD2B3E0931}.AppStore|iPhone.Build.0 = AppStore|iPhone
		{C2D7C230-3DD2-4DBD-8087-96CD2B3E0931}.AppStore|iPhoneSimulator.ActiveCfg = AppStore|iPhoneSimulator
		{C2D7C230-3DD2-4DBD-8087-96CD2B3E0931}.AppStore|iPhoneSimulator.Build.0 = AppStore|iPhoneSimulator
		{C2D7C230-3DD2-4DBD-8087-96CD2B3E0931}.AppStore|x64.ActiveCfg = AppStore|iPhone
		{C2D7C230-3DD2-4DBD-8087-96CD2B3E0931}.AppStore|x86.ActiveCfg = AppStore|iPhone
		{C2D7C230-3DD2-4DBD-8087-96CD2B3E0931}.Debug|Any CPU.ActiveCfg = Debug|iPhone
		{C2D7C230-3DD2-4DBD-8087-96CD2B3E0931}.Debug|ARM.ActiveCfg = Debug|iPhone
		{C2D7C230-3DD2-4DBD-8087-96CD2B3E0931}.Debug|iPhone.ActiveCfg = Debug|iPhone
		{C2D7C230-3DD2-4DBD-8087-96CD2B3E0931}.Debug|iPhone.Build.0 = Debug|iPhone
		{C2D7C230-3DD2-4DBD-8087-96CD2B3E0931}.Debug|iPhoneSimulator.ActiveCfg = Debug|iPhoneSimulator
		{C2D7C230-3DD2-4DBD-8087-96CD2B3E0931}.Debug|iPhoneSimulator.Build.0 = Debug|iPhoneSimulator
		{C2D7C230-3DD2-4DBD-8087-96CD2B3E0931}.Debug|x64.ActiveCfg = Debug|iPhone
		{C2D7C230-3DD2-4DBD-8087-96CD2B3E0931}.Debug|x86.ActiveCfg = Debug|iPhone
		{C2D7C230-3DD2-4DBD-8087-96CD2B3E0931}.Release|Any CPU.ActiveCfg = Release|iPhone
		{C2D7C230-3DD2-4DBD-8087-96CD2B3E0931}.Release|ARM.ActiveCfg = Release|iPhone
		{C2D7C230-3DD2-4DBD-8087-96CD2B3E0931}.Release|iPhone.ActiveCfg = Release|iPhone
		{C2D7C230-3DD2-4DBD-8087-96CD2B3E0931}.Release|iPhone.Build.0 = Release|iPhone
		{C2D7C230-3DD2-4DBD-8087-96CD2B3E0931}.Release|iPhoneSimulator.ActiveCfg = Release|iPhoneSimulator
		{C2D7C230-3DD2-4DBD-8087-96CD2B3E0931}.Release|iPhoneSimulator.Build.0 = Release|iPhoneSimulator
		{C2D7C230-3DD2-4DBD-8087-96CD2B3E0931}.Release|x64.ActiveCfg = Release|iPhone
		{C2D7C230-3DD2-4DBD-8087-96CD2B3E0931}.Release|x86.ActiveCfg = Release|iPhone
		{B84AE31C-DDCA-4268-AE9D-18B956BEAD60}.Ad-Hoc|Any CPU.ActiveCfg = Release|x86
		{B84AE31C-DDCA-4268-AE9D-18B956BEAD60}.Ad-Hoc|Any CPU.Build.0 = Release|x86
		{B84AE31C-DDCA-4268-AE9D-18B956BEAD60}.Ad-Hoc|Any CPU.Deploy.0 = Release|x86
		{B84AE31C-DDCA-4268-AE9D-18B956BEAD60}.Ad-Hoc|ARM.ActiveCfg = Release|ARM
		{B84AE31C-DDCA-4268-AE9D-18B956BEAD60}.Ad-Hoc|ARM.Build.0 = Release|ARM
		{B84AE31C-DDCA-4268-AE9D-18B956BEAD60}.Ad-Hoc|ARM.Deploy.0 = Release|ARM
		{B84AE31C-DDCA-4268-AE9D-18B956BEAD60}.Ad-Hoc|iPhone.ActiveCfg = Release|x86
		{B84AE31C-DDCA-4268-AE9D-18B956BEAD60}.Ad-Hoc|iPhone.Build.0 = Release|x86
		{B84AE31C-DDCA-4268-AE9D-18B956BEAD60}.Ad-Hoc|iPhone.Deploy.0 = Release|x86
		{B84AE31C-DDCA-4268-AE9D-18B956BEAD60}.Ad-Hoc|iPhoneSimulator.ActiveCfg = Release|x86
		{B84AE31C-DDCA-4268-AE9D-18B956BEAD60}.Ad-Hoc|iPhoneSimulator.Build.0 = Release|x86
		{B84AE31C-DDCA-4268-AE9D-18B956BEAD60}.Ad-Hoc|iPhoneSimulator.Deploy.0 = Release|x86
		{B84AE31C-DDCA-4268-AE9D-18B956BEAD60}.Ad-Hoc|x64.ActiveCfg = Release|x64
		{B84AE31C-DDCA-4268-AE9D-18B956BEAD60}.Ad-Hoc|x64.Build.0 = Release|x64
		{B84AE31C-DDCA-4268-AE9D-18B956BEAD60}.Ad-Hoc|x64.Deploy.0 = Release|x64
		{B84AE31C-DDCA-4268-AE9D-18B956BEAD60}.Ad-Hoc|x86.ActiveCfg = Release|x86
		{B84AE31C-DDCA-4268-AE9D-18B956BEAD60}.Ad-Hoc|x86.Build.0 = Release|x86
		{B84AE31C-DDCA-4268-AE9D-18B956BEAD60}.Ad-Hoc|x86.Deploy.0 = Release|x86
		{B84AE31C-DDCA-4268-AE9D-18B956BEAD60}.AppStore|Any CPU.ActiveCfg = Release|x86
		{B84AE31C-DDCA-4268-AE9D-18B956BEAD60}.AppStore|Any CPU.Build.0 = Release|x86
		{B84AE31C-DDCA-4268-AE9D-18B956BEAD60}.AppStore|Any CPU.Deploy.0 = Release|x86
		{B84AE31C-DDCA-4268-AE9D-18B956BEAD60}.AppStore|ARM.ActiveCfg = Release|ARM
		{B84AE31C-DDCA-4268-AE9D-18B956BEAD60}.AppStore|ARM.Build.0 = Release|ARM
		{B84AE31C-DDCA-4268-AE9D-18B956BEAD60}.AppStore|ARM.Deploy.0 = Release|ARM
		{B84AE31C-DDCA-4268-AE9D-18B956BEAD60}.AppStore|iPhone.ActiveCfg = Release|x86
		{B84AE31C-DDCA-4268-AE9D-18B956BEAD60}.AppStore|iPhone.Build.0 = Release|x86
		{B84AE31C-DDCA-4268-AE9D-18B956BEAD60}.AppStore|iPhone.Deploy.0 = Release|x86
		{B84AE31C-DDCA-4268-AE9D-18B956BEAD60}.AppStore|iPhoneSimulator.ActiveCfg = Release|x86
		{B84AE31C-DDCA-4268-AE9D-18B956BEAD60}.AppStore|iPhoneSimulator.Build.0 = Release|x86
		{B84AE31C-DDCA-4268-AE9D-18B956BEAD60}.AppStore|iPhoneSimulator.Deploy.0 = Release|x86
		{B84AE31C-DDCA-4268-AE9D-18B956BEAD60}.AppStore|x64.ActiveCfg = Release|x64
		{B84AE31C-DDCA-4268-AE9D-18B956BEAD60}.AppStore|x64.Build.0 = Release|x64
		{B84AE31C-DDCA-4268-AE9D-18B956BEAD60}.AppStore|x64.Deploy.0 = Release|x64
		{B84AE31C-DDCA-4268-AE9D-18B956BEAD60}.AppStore|x86.ActiveCfg = Release|x86
		{B84AE31C-DDCA-4268-AE9D-18B956BEAD60}.AppStore|x86.Build.0 = Release|x86
		{B84AE31C-DDCA-4268-AE9D-18B956BEAD60}.AppStore|x86.Deploy.0 = Release|x86
		{B84AE31C-DDCA-4268-AE9D-18B956BEAD60}.Debug|Any CPU.ActiveCfg = Debug|x86
		{B84AE31C-DDCA-4268-AE9D-18B956BEAD60}.Debug|ARM.ActiveCfg = Debug|ARM
		{B84AE31C-DDCA-4268-AE9D-18B956BEAD60}.Debug|ARM.Build.0 = Debug|ARM
		{B84AE31C-DDCA-4268-AE9D-18B956BEAD60}.Debug|ARM.Deploy.0 = Debug|ARM
		{B84AE31C-DDCA-4268-AE9D-18B956BEAD60}.Debug|iPhone.ActiveCfg = Debug|x86
		{B84AE31C-DDCA-4268-AE9D-18B956BEAD60}.Debug|iPhoneSimulator.ActiveCfg = Debug|x86
		{B84AE31C-DDCA-4268-AE9D-18B956BEAD60}.Debug|x64.ActiveCfg = Debug|x64
		{B84AE31C-DDCA-4268-AE9D-18B956BEAD60}.Debug|x64.Build.0 = Debug|x64
		{B84AE31C-DDCA-4268-AE9D-18B956BEAD60}.Debug|x64.Deploy.0 = Debug|x64
		{B84AE31C-DDCA-4268-AE9D-18B956BEAD60}.Debug|x86.ActiveCfg = Debug|x86
		{B84AE31C-DDCA-4268-AE9D-18B956BEAD60}.Debug|x86.Build.0 = Debug|x86
		{B84AE31C-DDCA-4268-AE9D-18B956BEAD60}.Debug|x86.Deploy.0 = Debug|x86
		{B84AE31C-DDCA-4268-AE9D-18B956BEAD60}.Release|Any CPU.ActiveCfg = Release|x86
		{B84AE31C-DDCA-4268-AE9D-18B956BEAD60}.Release|ARM.ActiveCfg = Release|ARM
		{B84AE31C-DDCA-4268-AE9D-18B956BEAD60}.Release|ARM.Build.0 = Release|ARM
		{B84AE31C-DDCA-4268-AE9D-18B956BEAD60}.Release|ARM.Deploy.0 = Release|ARM
		{B84AE31C-DDCA-4268-AE9D-18B956BEAD60}.Release|iPhone.ActiveCfg = Release|x86
		{B84AE31C-DDCA-4268-AE9D-18B956BEAD60}.Release|iPhoneSimulator.ActiveCfg = Release|x86
		{B84AE31C-DDCA-4268-AE9D-18B956BEAD60}.Release|x64.ActiveCfg = Release|x64
		{B84AE31C-DDCA-4268-AE9D-18B956BEAD60}.Release|x64.Build.0 = Release|x64
		{B84AE31C-DDCA-4268-AE9D-18B956BEAD60}.Release|x64.Deploy.0 = Release|x64
		{B84AE31C-DDCA-4268-AE9D-18B956BEAD60}.Release|x86.ActiveCfg = Release|x86
		{B84AE31C-DDCA-4268-AE9D-18B956BEAD60}.Release|x86.Build.0 = Release|x86
		{B84AE31C-DDCA-4268-AE9D-18B956BEAD60}.Release|x86.Deploy.0 = Release|x86
		{B61BAC6D-0FDF-4042-BEE2-F804FF175CFF}.Ad-Hoc|Any CPU.ActiveCfg = Debug|Any CPU
		{B61BAC6D-0FDF-4042-BEE2-F804FF175CFF}.Ad-Hoc|Any CPU.Build.0 = Debug|Any CPU
		{B61BAC6D-0FDF-4042-BEE2-F804FF175CFF}.Ad-Hoc|ARM.ActiveCfg = Debug|Any CPU
		{B61BAC6D-0FDF-4042-BEE2-F804FF175CFF}.Ad-Hoc|ARM.Build.0 = Debug|Any CPU
		{B61BAC6D-0FDF-4042-BEE2-F804FF175CFF}.Ad-Hoc|iPhone.ActiveCfg = Debug|Any CPU
		{B61BAC6D-0FDF-4042-BEE2-F804FF175CFF}.Ad-Hoc|iPhone.Build.0 = Debug|Any CPU
		{B61BAC6D-0FDF-4042-BEE2-F804FF175CFF}.Ad-Hoc|iPhoneSimulator.ActiveCfg = Debug|Any CPU
		{B61BAC6D-0FDF-4042-BEE2-F804FF175CFF}.Ad-Hoc|iPhoneSimulator.Build.0 = Debug|Any CPU
		{B61BAC6D-0FDF-4042-BEE2-F804FF175CFF}.Ad-Hoc|x64.ActiveCfg = Debug|Any CPU
		{B61BAC6D-0FDF-4042-BEE2-F804FF175CFF}.Ad-Hoc|x64.Build.0 = Debug|Any CPU
		{B61BAC6D-0FDF-4042-BEE2-F804FF175CFF}.Ad-Hoc|x86.ActiveCfg = Debug|Any CPU
		{B61BAC6D-0FDF-4042-BEE2-F804FF175CFF}.Ad-Hoc|x86.Build.0 = Debug|Any CPU
		{B61BAC6D-0FDF-4042-BEE2-F804FF175CFF}.AppStore|Any CPU.ActiveCfg = Debug|Any CPU
		{B61BAC6D-0FDF-4042-BEE2-F804FF175CFF}.AppStore|Any CPU.Build.0 = Debug|Any CPU
		{B61BAC6D-0FDF-4042-BEE2-F804FF175CFF}.AppStore|ARM.ActiveCfg = Debug|Any CPU
		{B61BAC6D-0FDF-4042-BEE2-F804FF175CFF}.AppStore|ARM.Build.0 = Debug|Any CPU
		{B61BAC6D-0FDF-4042-BEE2-F804FF175CFF}.AppStore|iPhone.ActiveCfg = Debug|Any CPU
		{B61BAC6D-0FDF-4042-BEE2-F804FF175CFF}.AppStore|iPhone.Build.0 = Debug|Any CPU
		{B61BAC6D-0FDF-4042-BEE2-F804FF175CFF}.AppStore|iPhoneSimulator.ActiveCfg = Debug|Any CPU
		{B61BAC6D-0FDF-4042-BEE2-F804FF175CFF}.AppStore|iPhoneSimulator.Build.0 = Debug|Any CPU
		{B61BAC6D-0FDF-4042-BEE2-F804FF175CFF}.AppStore|x64.ActiveCfg = Debug|Any CPU
		{B61BAC6D-0FDF-4042-BEE2-F804FF175CFF}.AppStore|x64.Build.0 = Debug|Any CPU
		{B61BAC6D-0FDF-4042-BEE2-F804FF175CFF}.AppStore|x86.ActiveCfg = Debug|Any CPU
		{B61BAC6D-0FDF-4042-BEE2-F804FF175CFF}.AppStore|x86.Build.0 = Debug|Any CPU
		{B61BAC6D-0FDF-4042-BEE2-F804FF175CFF}.Debug|Any CPU.ActiveCfg = Debug|Any CPU
		{B61BAC6D-0FDF-4042-BEE2-F804FF175CFF}.Debug|Any CPU.Build.0 = Debug|Any CPU
		{B61BAC6D-0FDF-4042-BEE2-F804FF175CFF}.Debug|ARM.ActiveCfg = Debug|Any CPU
		{B61BAC6D-0FDF-4042-BEE2-F804FF175CFF}.Debug|ARM.Build.0 = Debug|Any CPU
		{B61BAC6D-0FDF-4042-BEE2-F804FF175CFF}.Debug|iPhone.ActiveCfg = Debug|Any CPU
		{B61BAC6D-0FDF-4042-BEE2-F804FF175CFF}.Debug|iPhone.Build.0 = Debug|Any CPU
		{B61BAC6D-0FDF-4042-BEE2-F804FF175CFF}.Debug|iPhoneSimulator.ActiveCfg = Debug|Any CPU
		{B61BAC6D-0FDF-4042-BEE2-F804FF175CFF}.Debug|iPhoneSimulator.Build.0 = Debug|Any CPU
		{B61BAC6D-0FDF-4042-BEE2-F804FF175CFF}.Debug|x64.ActiveCfg = Debug|Any CPU
		{B61BAC6D-0FDF-4042-BEE2-F804FF175CFF}.Debug|x64.Build.0 = Debug|Any CPU
		{B61BAC6D-0FDF-4042-BEE2-F804FF175CFF}.Debug|x86.ActiveCfg = Debug|Any CPU
		{B61BAC6D-0FDF-4042-BEE2-F804FF175CFF}.Debug|x86.Build.0 = Debug|Any CPU
		{B61BAC6D-0FDF-4042-BEE2-F804FF175CFF}.Release|Any CPU.ActiveCfg = Release|Any CPU
		{B61BAC6D-0FDF-4042-BEE2-F804FF175CFF}.Release|Any CPU.Build.0 = Release|Any CPU
		{B61BAC6D-0FDF-4042-BEE2-F804FF175CFF}.Release|ARM.ActiveCfg = Release|Any CPU
		{B61BAC6D-0FDF-4042-BEE2-F804FF175CFF}.Release|ARM.Build.0 = Release|Any CPU
		{B61BAC6D-0FDF-4042-BEE2-F804FF175CFF}.Release|iPhone.ActiveCfg = Release|Any CPU
		{B61BAC6D-0FDF-4042-BEE2-F804FF175CFF}.Release|iPhone.Build.0 = Release|Any CPU
		{B61BAC6D-0FDF-4042-BEE2-F804FF175CFF}.Release|iPhoneSimulator.ActiveCfg = Release|Any CPU
		{B61BAC6D-0FDF-4042-BEE2-F804FF175CFF}.Release|iPhoneSimulator.Build.0 = Release|Any CPU
		{B61BAC6D-0FDF-4042-BEE2-F804FF175CFF}.Release|x64.ActiveCfg = Release|Any CPU
		{B61BAC6D-0FDF-4042-BEE2-F804FF175CFF}.Release|x64.Build.0 = Release|Any CPU
		{B61BAC6D-0FDF-4042-BEE2-F804FF175CFF}.Release|x86.ActiveCfg = Release|Any CPU
		{B61BAC6D-0FDF-4042-BEE2-F804FF175CFF}.Release|x86.Build.0 = Release|Any CPU
	EndGlobalSection
	GlobalSection(SolutionProperties) = preSolution
		HideSolutionNode = FALSE
	EndGlobalSection
	GlobalSection(ExtensibilityGlobals) = postSolution
		SolutionGuid = {69C4870A-B638-4BDA-9D36-54681B5CA794}
	EndGlobalSection
EndGlobal
